
Microsoft Visual Studio Solution File, Format Version 12.00
# Visual Studio 15
Project("{FAE04EC0-301F-11D3-BF4B-00C04F79EFBC}") = "Assembly-CSharp-Editor", "Assembly-CSharp-Editor.csproj", "{33887A9F-FF78-EAF1-78D6-36EC54F24C15}"
EndProject
Project("{FAE04EC0-301F-11D3-BF4B-00C04F79EFBC}") = "Assembly-CSharp", "Assembly-CSharp.csproj", "{14E3D45C-949E-251B-DE6D-794633673516}"
EndProject
Global
	GlobalSection(SolutionConfigurationPlatforms) = preSolution
		Debug|Any CPU = Debug|Any CPU
		Release|Any CPU = Release|Any CPU
	EndGlobalSection
	GlobalSection(ProjectConfigurationPlatforms) = postSolution
		{33887A9F-FF78-EAF1-78D6-36EC54F24C15}.Debug|Any CPU.ActiveCfg = Debug|Any CPU
		{33887A9F-FF78-EAF1-78D6-36EC54F24C15}.Debug|Any CPU.Build.0 = Debug|Any CPU
		{33887A9F-FF78-EAF1-78D6-36EC54F24C15}.Release|Any CPU.ActiveCfg = Release|Any CPU
		{33887A9F-FF78-EAF1-78D6-36EC54F24C15}.Release|Any CPU.Build.0 = Release|Any CPU
		{14E3D45C-949E-251B-DE6D-794633673516}.Debug|Any CPU.ActiveCfg = Debug|Any CPU
		{14E3D45C-949E-251B-DE6D-794633673516}.Debug|Any CPU.Build.0 = Debug|Any CPU
		{14E3D45C-949E-251B-DE6D-794633673516}.Release|Any CPU.ActiveCfg = Release|Any CPU
		{14E3D45C-949E-251B-DE6D-794633673516}.Release|Any CPU.Build.0 = Release|Any CPU
	EndGlobalSection
	GlobalSection(SolutionProperties) = preSolution
		HideSolutionNode = FALSE
	EndGlobalSection
EndGlobal
